{
  "requires": true,
  "lockfileVersion": 1,
  "dependencies": {
    "react-icons": {
      "version": "4.2.0",
      "resolved": "https://registry.npmjs.org/react-icons/-/react-icons-4.2.0.tgz",
      "integrity": "sha512-rmzEDFt+AVXRzD7zDE21gcxyBizD/3NqjbX6cmViAgdqfJ2UiLer8927/QhhrXQV7dEj/1EGuOTPp7JnLYVJKQ=="
    },
    "reactstrap-date-picker": {
      "version": "0.0.11",
      "resolved": "https://registry.npmjs.org/reactstrap-date-picker/-/reactstrap-date-picker-0.0.11.tgz",
      "integrity": "sha512-9yuxNhMq4xFyn3BlNRYuZTM8kVixnWih7aIMMdWhdlHGfH9gPAPnrEGNswET+PUGu7t3T9VGh6z3VU4IsgcE/w=="
    }
  }
}
